
Microsoft Visual Studio Solution File, Format Version 12.00
# Visual Studio Version 16
VisualStudioVersion = 16.0.29613.14
MinimumVisualStudioVersion = 10.0.40219.1
Project("{FAE04EC0-301F-11D3-BF4B-00C04F79EFBC}") = "ecosystem", "ecosystem.csproj", "{0377FD78-AB38-428A-9F65-27822C901151}"
EndProject
Global
	GlobalSection(SolutionConfigurationPlatforms) = preSolution
		Debug|Any CPU = Debug|Any CPU
		Release|Any CPU = Release|Any CPU
	EndGlobalSection
	GlobalSection(ProjectConfigurationPlatforms) = postSolution
		{0377FD78-AB38-428A-9F65-27822C901151}.Debug|Any CPU.ActiveCfg = Debug|Any CPU
		{0377FD78-AB38-428A-9F65-27822C901151}.Debug|Any CPU.Build.0 = Debug|Any CPU
		{0377FD78-AB38-428A-9F65-27822C901151}.Release|Any CPU.ActiveCfg = Release|Any CPU
		{0377FD78-AB38-428A-9F65-27822C901151}.Release|Any CPU.Build.0 = Release|Any CPU
	EndGlobalSection
	GlobalSection(SolutionProperties) = preSolution
		HideSolutionNode = FALSE
	EndGlobalSection
	GlobalSection(ExtensibilityGlobals) = postSolution
		SolutionGuid = {583D772D-C85B-4318-B72B-79F4EE91262C}
	EndGlobalSection
EndGlobal
